
Microsoft Visual Studio Solution File, Format Version 12.00
# Visual Studio 15
VisualStudioVersion = 15.0.28010.2036
MinimumVisualStudioVersion = 10.0.40219.1
Project("{FAE04EC0-301F-11D3-BF4B-00C04F79EFBC}") = "FootballKnockout.Web", "app\FootballKnockout.Web\FootballKnockout.Web.csproj", "{26CF9939-3AD9-461B-A640-5C02C49A296D}"
EndProject
Project("{FAE04EC0-301F-11D3-BF4B-00C04F79EFBC}") = "FootballKnockout.Dtos", "app\FootballKnockout.Dtos\FootballKnockout.Dtos.csproj", "{BE67056B-9A5D-4A5F-A2D4-A741F3824E28}"
EndProject
Global
	GlobalSection(SolutionConfigurationPlatforms) = preSolution
		Debug|Any CPU = Debug|Any CPU
		Release|Any CPU = Release|Any CPU
	EndGlobalSection
	GlobalSection(ProjectConfigurationPlatforms) = postSolution
		{26CF9939-3AD9-461B-A640-5C02C49A296D}.Debug|Any CPU.ActiveCfg = Debug|Any CPU
		{26CF9939-3AD9-461B-A640-5C02C49A296D}.Debug|Any CPU.Build.0 = Debug|Any CPU
		{26CF9939-3AD9-461B-A640-5C02C49A296D}.Release|Any CPU.ActiveCfg = Release|Any CPU
		{26CF9939-3AD9-461B-A640-5C02C49A296D}.Release|Any CPU.Build.0 = Release|Any CPU
		{BE67056B-9A5D-4A5F-A2D4-A741F3824E28}.Debug|Any CPU.ActiveCfg = Debug|Any CPU
		{BE67056B-9A5D-4A5F-A2D4-A741F3824E28}.Debug|Any CPU.Build.0 = Debug|Any CPU
		{BE67056B-9A5D-4A5F-A2D4-A741F3824E28}.Release|Any CPU.ActiveCfg = Release|Any CPU
		{BE67056B-9A5D-4A5F-A2D4-A741F3824E28}.Release|Any CPU.Build.0 = Release|Any CPU
	EndGlobalSection
	GlobalSection(SolutionProperties) = preSolution
		HideSolutionNode = FALSE
	EndGlobalSection
	GlobalSection(ExtensibilityGlobals) = postSolution
		SolutionGuid = {76B61FD5-20C5-41CC-A8FC-9CB9777C6DD8}
	EndGlobalSection
EndGlobal
